// !$*UTF8*$!
{
	archiveVersion = 1;
	classes = {
	};
	objectVersion = 48;
	objects = {

/* Begin PBXBuildFile section */
		3D3D55D820B2911600CE3CEE /* DHSPaymentsSectionHeader.xib in Resources */ = {isa = PBXBuildFile; fileRef = 3D3D55D720B2911600CE3CEE /* DHSPaymentsSectionHeader.xib */; };
		3D3D55DD20B2957B00CE3CEE /* DHSTasksSectionHeader.xib in Resources */ = {isa = PBXBuildFile; fileRef = 3D3D55DC20B2957B00CE3CEE /* DHSTasksSectionHeader.xib */; };
		3D3D55E020B2991300CE3CEE /* DHSTextSectionHeader.xib in Resources */ = {isa = PBXBuildFile; fileRef = 3D3D55DF20B2991300CE3CEE /* DHSTextSectionHeader.xib */; };
		3DBF740920AFC883006D795A /* DHSSignInVC.m in Sources */ = {isa = PBXBuildFile; fileRef = 3DBF740620AFC883006D795A /* DHSSignInVC.m */; };
		3DBF740A20AFC883006D795A /* DHSSignInVC.xib in Resources */ = {isa = PBXBuildFile; fileRef = 3DBF740720AFC883006D795A /* DHSSignInVC.xib */; };
		3DBF740E20AFC8A8006D795A /* DHSAocVC.m in Sources */ = {isa = PBXBuildFile; fileRef = 3DBF740C20AFC8A8006D795A /* DHSAocVC.m */; };
		3DBF740F20AFC8A8006D795A /* DHSAocVC.xib in Resources */ = {isa = PBXBuildFile; fileRef = 3DBF740D20AFC8A8006D795A /* DHSAocVC.xib */; };
		3DBF741420AFC943006D795A /* DHSMainTabsTabBarController.m in Sources */ = {isa = PBXBuildFile; fileRef = 3DBF741220AFC943006D795A /* DHSMainTabsTabBarController.m */; };
		3DBF741520AFC943006D795A /* DHSMainTabsTabBarController.xib in Resources */ = {isa = PBXBuildFile; fileRef = 3DBF741320AFC943006D795A /* DHSMainTabsTabBarController.xib */; };
		3DBF742720AFCCDF006D795A /* DHSLandingVC.m in Sources */ = {isa = PBXBuildFile; fileRef = 3DBF741D20AFCCDF006D795A /* DHSLandingVC.m */; };
		3DBF742820AFCCDF006D795A /* DHSPaymentsCell.m in Sources */ = {isa = PBXBuildFile; fileRef = 3DBF741F20AFCCDF006D795A /* DHSPaymentsCell.m */; };
		3DBF742920AFCCDF006D795A /* DHSPaymentsCell.xib in Resources */ = {isa = PBXBuildFile; fileRef = 3DBF742020AFCCDF006D795A /* DHSPaymentsCell.xib */; };
		3DBF742A20AFCCDF006D795A /* DHSLandingVC.xib in Resources */ = {isa = PBXBuildFile; fileRef = 3DBF742220AFCCDF006D795A /* DHSLandingVC.xib */; };
		3DBF742B20AFCCDF006D795A /* DHSLandingListDelegate.m in Sources */ = {isa = PBXBuildFile; fileRef = 3DBF742520AFCCDF006D795A /* DHSLandingListDelegate.m */; };
		3DBF742F20AFD1D6006D795A /* DHSTaskCell.xib in Resources */ = {isa = PBXBuildFile; fileRef = 3DBF742C20AFD1D6006D795A /* DHSTaskCell.xib */; };
		3DBF743020AFD1D6006D795A /* DHSTaskCell.m in Sources */ = {isa = PBXBuildFile; fileRef = 3DBF742E20AFD1D6006D795A /* DHSTaskCell.m */; };
		3DBF743720AFD344006D795A /* DHSAppointmentCell.xib in Resources */ = {isa = PBXBuildFile; fileRef = 3DBF743420AFD344006D795A /* DHSAppointmentCell.xib */; };
		3DBF743820AFD344006D795A /* DHSAppointmentCell.m in Sources */ = {isa = PBXBuildFile; fileRef = 3DBF743620AFD344006D795A /* DHSAppointmentCell.m */; };
		3DBF743D20AFD403006D795A /* DHSFrequentlyUsedCell.xib in Resources */ = {isa = PBXBuildFile; fileRef = 3DBF743B20AFD402006D795A /* DHSFrequentlyUsedCell.xib */; };
		3DBF743E20AFD403006D795A /* DHSFrequentlyUsedCell.m in Sources */ = {isa = PBXBuildFile; fileRef = 3DBF743C20AFD402006D795A /* DHSFrequentlyUsedCell.m */; };
		3DC3E5D520AE656100451FE7 /* DHSNavigationForTestScreensTableViewController.m in Sources */ = {isa = PBXBuildFile; fileRef = 3DC3E5D320AE656100451FE7 /* DHSNavigationForTestScreensTableViewController.m */; };
		3DCB335320B7C8D400E6647E /* bars.pdf in Resources */ = {isa = PBXBuildFile; fileRef = 3DCB335220B7C8D400E6647E /* bars.pdf */; };
		3DFB3D3D20B0F611002F346C /* Constants.m in Sources */ = {isa = PBXBuildFile; fileRef = 3DFB3D3C20B0F611002F346C /* Constants.m */; };
		5E1E150A20B3DA6400BEC739 /* DHSSettingsListDelegate.m in Sources */ = {isa = PBXBuildFile; fileRef = 5E1E150820B3DA6400BEC739 /* DHSSettingsListDelegate.m */; };
		5E1E150E20B3E82C00BEC739 /* DHSBaseTableDelegate.m in Sources */ = {isa = PBXBuildFile; fileRef = 5E1E150C20B3E82B00BEC739 /* DHSBaseTableDelegate.m */; };
		5E1E151220B3F2B200BEC739 /* DHSThemeViewController.m in Sources */ = {isa = PBXBuildFile; fileRef = 5E1E151020B3F2B200BEC739 /* DHSThemeViewController.m */; };
		5E1E151320B3F2B200BEC739 /* DHSThemeViewController.xib in Resources */ = {isa = PBXBuildFile; fileRef = 5E1E151120B3F2B200BEC739 /* DHSThemeViewController.xib */; };
		5EC837C920B25D0000357C88 /* DHSButton.m in Sources */ = {isa = PBXBuildFile; fileRef = 5EC837C820B25D0000357C88 /* DHSButton.m */; };
		5EC837D420B28CC600357C88 /* DHSSecondaryButton.m in Sources */ = {isa = PBXBuildFile; fileRef = 5EC837D320B28CC600357C88 /* DHSSecondaryButton.m */; };
		5EC837D720B28EF900357C88 /* DHSPrimaryNoBorderButton.m in Sources */ = {isa = PBXBuildFile; fileRef = 5EC837D620B28EF900357C88 /* DHSPrimaryNoBorderButton.m */; };
		5EC837DB20B2A39700357C88 /* SettingsViewController.m in Sources */ = {isa = PBXBuildFile; fileRef = 5EC837D920B2A39700357C88 /* SettingsViewController.m */; };
		5EC837DC20B2A39700357C88 /* SettingsViewController.xib in Resources */ = {isa = PBXBuildFile; fileRef = 5EC837DA20B2A39700357C88 /* SettingsViewController.xib */; };
		AC065FCB20AE406C00746B5E /* AppDelegate.m in Sources */ = {isa = PBXBuildFile; fileRef = AC065FCA20AE406C00746B5E /* AppDelegate.m */; };
		AC065FD120AE406C00746B5E /* Main.storyboard in Resources */ = {isa = PBXBuildFile; fileRef = AC065FCF20AE406C00746B5E /* Main.storyboard */; };
		AC065FD320AE406F00746B5E /* Assets.xcassets in Resources */ = {isa = PBXBuildFile; fileRef = AC065FD220AE406F00746B5E /* Assets.xcassets */; };
		AC065FD620AE406F00746B5E /* LaunchScreen.storyboard in Resources */ = {isa = PBXBuildFile; fileRef = AC065FD420AE406F00746B5E /* LaunchScreen.storyboard */; };
		AC065FD920AE406F00746B5E /* main.m in Sources */ = {isa = PBXBuildFile; fileRef = AC065FD820AE406F00746B5E /* main.m */; };
		AC065FE720AE4ECE00746B5E /* DHSColorPool.m in Sources */ = {isa = PBXBuildFile; fileRef = AC065FE620AE4ECE00746B5E /* DHSColorPool.m */; };
		AC065FED20AE524800746B5E /* DHSActivityVC.xib in Resources */ = {isa = PBXBuildFile; fileRef = AC065FEB20AE524800746B5E /* DHSActivityVC.xib */; };
		AC26C53820AE80BF001415E8 /* DHSOfficeLocatorVC.m in Sources */ = {isa = PBXBuildFile; fileRef = AC26C53620AE80BF001415E8 /* DHSOfficeLocatorVC.m */; };
		AC26C53920AE80BF001415E8 /* DHSOfficeLocatorVC.xib in Resources */ = {isa = PBXBuildFile; fileRef = AC26C53720AE80BF001415E8 /* DHSOfficeLocatorVC.xib */; };
		AC26C53D20AE8174001415E8 /* DHSOfficeLocatorListDelegate.m in Sources */ = {isa = PBXBuildFile; fileRef = AC26C53C20AE8174001415E8 /* DHSOfficeLocatorListDelegate.m */; };
		AC26C54220AE823E001415E8 /* DHSOfficeLocatorCell.m in Sources */ = {isa = PBXBuildFile; fileRef = AC26C54020AE823E001415E8 /* DHSOfficeLocatorCell.m */; };
		AC26C54320AE823E001415E8 /* DHSOfficeLocatorCell.xib in Resources */ = {isa = PBXBuildFile; fileRef = AC26C54120AE823E001415E8 /* DHSOfficeLocatorCell.xib */; };
		AC26C54620AE88B9001415E8 /* DHSActivityVC.m in Sources */ = {isa = PBXBuildFile; fileRef = AC26C54520AE88B9001415E8 /* DHSActivityVC.m */; };
/* End PBXBuildFile section */

/* Begin PBXFileReference section */
		3D3D55D720B2911600CE3CEE /* DHSPaymentsSectionHeader.xib */ = {isa = PBXFileReference; lastKnownFileType = file.xib; path = DHSPaymentsSectionHeader.xib; sourceTree = "<group>"; };
		3D3D55DC20B2957B00CE3CEE /* DHSTasksSectionHeader.xib */ = {isa = PBXFileReference; lastKnownFileType = file.xib; path = DHSTasksSectionHeader.xib; sourceTree = "<group>"; };
		3D3D55DF20B2991300CE3CEE /* DHSTextSectionHeader.xib */ = {isa = PBXFileReference; lastKnownFileType = file.xib; path = DHSTextSectionHeader.xib; sourceTree = "<group>"; };
		3DBF740620AFC883006D795A /* DHSSignInVC.m */ = {isa = PBXFileReference; fileEncoding = 4; lastKnownFileType = sourcecode.c.objc; name = DHSSignInVC.m; path = "Sign In/DHSSignInVC.m"; sourceTree = "<group>"; };
		3DBF740720AFC883006D795A /* DHSSignInVC.xib */ = {isa = PBXFileReference; fileEncoding = 4; lastKnownFileType = file.xib; name = DHSSignInVC.xib; path = "Sign In/DHSSignInVC.xib"; sourceTree = "<group>"; };
		3DBF740820AFC883006D795A /* DHSSignInVC.h */ = {isa = PBXFileReference; fileEncoding = 4; lastKnownFileType = sourcecode.c.h; name = DHSSignInVC.h; path = "Sign In/DHSSignInVC.h"; sourceTree = "<group>"; };
		3DBF740B20AFC8A8006D795A /* DHSAocVC.h */ = {isa = PBXFileReference; fileEncoding = 4; lastKnownFileType = sourcecode.c.h; name = DHSAocVC.h; path = AOC/DHSAocVC.h; sourceTree = "<group>"; };
		3DBF740C20AFC8A8006D795A /* DHSAocVC.m */ = {isa = PBXFileReference; fileEncoding = 4; lastKnownFileType = sourcecode.c.objc; name = DHSAocVC.m; path = AOC/DHSAocVC.m; sourceTree = "<group>"; };
		3DBF740D20AFC8A8006D795A /* DHSAocVC.xib */ = {isa = PBXFileReference; fileEncoding = 4; lastKnownFileType = file.xib; name = DHSAocVC.xib; path = AOC/DHSAocVC.xib; sourceTree = "<group>"; };
		3DBF741120AFC943006D795A /* DHSMainTabsTabBarController.h */ = {isa = PBXFileReference; fileEncoding = 4; lastKnownFileType = sourcecode.c.h; path = DHSMainTabsTabBarController.h; sourceTree = "<group>"; };
		3DBF741220AFC943006D795A /* DHSMainTabsTabBarController.m */ = {isa = PBXFileReference; fileEncoding = 4; lastKnownFileType = sourcecode.c.objc; path = DHSMainTabsTabBarController.m; sourceTree = "<group>"; };
		3DBF741320AFC943006D795A /* DHSMainTabsTabBarController.xib */ = {isa = PBXFileReference; fileEncoding = 4; lastKnownFileType = file.xib; path = DHSMainTabsTabBarController.xib; sourceTree = "<group>"; };
		3DBF741D20AFCCDF006D795A /* DHSLandingVC.m */ = {isa = PBXFileReference; fileEncoding = 4; lastKnownFileType = sourcecode.c.objc; path = DHSLandingVC.m; sourceTree = "<group>"; };
		3DBF741F20AFCCDF006D795A /* DHSPaymentsCell.m */ = {isa = PBXFileReference; fileEncoding = 4; lastKnownFileType = sourcecode.c.objc; path = DHSPaymentsCell.m; sourceTree = "<group>"; };
		3DBF742020AFCCDF006D795A /* DHSPaymentsCell.xib */ = {isa = PBXFileReference; fileEncoding = 4; lastKnownFileType = file.xib; path = DHSPaymentsCell.xib; sourceTree = "<group>"; };
		3DBF742120AFCCDF006D795A /* DHSPaymentsCell.h */ = {isa = PBXFileReference; fileEncoding = 4; lastKnownFileType = sourcecode.c.h; path = DHSPaymentsCell.h; sourceTree = "<group>"; };
		3DBF742220AFCCDF006D795A /* DHSLandingVC.xib */ = {isa = PBXFileReference; fileEncoding = 4; lastKnownFileType = file.xib; path = DHSLandingVC.xib; sourceTree = "<group>"; };
		3DBF742320AFCCDF006D795A /* DHSLandingVC.h */ = {isa = PBXFileReference; fileEncoding = 4; lastKnownFileType = sourcecode.c.h; path = DHSLandingVC.h; sourceTree = "<group>"; };
		3DBF742520AFCCDF006D795A /* DHSLandingListDelegate.m */ = {isa = PBXFileReference; fileEncoding = 4; lastKnownFileType = sourcecode.c.objc; path = DHSLandingListDelegate.m; sourceTree = "<group>"; };
		3DBF742620AFCCDF006D795A /* DHSLandingListDelegate.h */ = {isa = PBXFileReference; fileEncoding = 4; lastKnownFileType = sourcecode.c.h; path = DHSLandingListDelegate.h; sourceTree = "<group>"; };
		3DBF742C20AFD1D6006D795A /* DHSTaskCell.xib */ = {isa = PBXFileReference; fileEncoding = 4; lastKnownFileType = file.xib; path = DHSTaskCell.xib; sourceTree = "<group>"; };
		3DBF742D20AFD1D6006D795A /* DHSTaskCell.h */ = {isa = PBXFileReference; fileEncoding = 4; lastKnownFileType = sourcecode.c.h; path = DHSTaskCell.h; sourceTree = "<group>"; };
		3DBF742E20AFD1D6006D795A /* DHSTaskCell.m */ = {isa = PBXFileReference; fileEncoding = 4; lastKnownFileType = sourcecode.c.objc; path = DHSTaskCell.m; sourceTree = "<group>"; };
		3DBF743420AFD344006D795A /* DHSAppointmentCell.xib */ = {isa = PBXFileReference; fileEncoding = 4; lastKnownFileType = file.xib; path = DHSAppointmentCell.xib; sourceTree = "<group>"; };
		3DBF743520AFD344006D795A /* DHSAppointmentCell.h */ = {isa = PBXFileReference; fileEncoding = 4; lastKnownFileType = sourcecode.c.h; path = DHSAppointmentCell.h; sourceTree = "<group>"; };
		3DBF743620AFD344006D795A /* DHSAppointmentCell.m */ = {isa = PBXFileReference; fileEncoding = 4; lastKnownFileType = sourcecode.c.objc; path = DHSAppointmentCell.m; sourceTree = "<group>"; };
		3DBF743A20AFD402006D795A /* DHSFrequentlyUsedCell.h */ = {isa = PBXFileReference; fileEncoding = 4; lastKnownFileType = sourcecode.c.h; path = DHSFrequentlyUsedCell.h; sourceTree = "<group>"; };
		3DBF743B20AFD402006D795A /* DHSFrequentlyUsedCell.xib */ = {isa = PBXFileReference; fileEncoding = 4; lastKnownFileType = file.xib; path = DHSFrequentlyUsedCell.xib; sourceTree = "<group>"; };
		3DBF743C20AFD402006D795A /* DHSFrequentlyUsedCell.m */ = {isa = PBXFileReference; fileEncoding = 4; lastKnownFileType = sourcecode.c.objc; path = DHSFrequentlyUsedCell.m; sourceTree = "<group>"; };
		3DC3E5D220AE656100451FE7 /* DHSNavigationForTestScreensTableViewController.h */ = {isa = PBXFileReference; fileEncoding = 4; lastKnownFileType = sourcecode.c.h; path = DHSNavigationForTestScreensTableViewController.h; sourceTree = "<group>"; };
		3DC3E5D320AE656100451FE7 /* DHSNavigationForTestScreensTableViewController.m */ = {isa = PBXFileReference; fileEncoding = 4; lastKnownFileType = sourcecode.c.objc; path = DHSNavigationForTestScreensTableViewController.m; sourceTree = "<group>"; };
		3DCB335220B7C8D400E6647E /* bars.pdf */ = {isa = PBXFileReference; lastKnownFileType = image.pdf; name = bars.pdf; path = "Assets.xcassets/tab bar vector icons/bars.imageset/bars.pdf"; sourceTree = "<group>"; };
		3DFB3D3820B0E7F9002F346C /* DHSMainTabsDelegate.h */ = {isa = PBXFileReference; lastKnownFileType = sourcecode.c.h; path = DHSMainTabsDelegate.h; sourceTree = "<group>"; };
		3DFB3D3B20B0F471002F346C /* Constants.h */ = {isa = PBXFileReference; lastKnownFileType = sourcecode.c.h; path = Constants.h; sourceTree = "<group>"; };
		3DFB3D3C20B0F611002F346C /* Constants.m */ = {isa = PBXFileReference; lastKnownFileType = sourcecode.c.objc; path = Constants.m; sourceTree = "<group>"; };
		5E1E150820B3DA6400BEC739 /* DHSSettingsListDelegate.m */ = {isa = PBXFileReference; fileEncoding = 4; lastKnownFileType = sourcecode.c.objc; name = DHSSettingsListDelegate.m; path = "BareBones/View Controllers/Settings/Delegates/DHSSettingsListDelegate.m"; sourceTree = SOURCE_ROOT; };
		5E1E150920B3DA6400BEC739 /* DHSSettingsListDelegate.h */ = {isa = PBXFileReference; fileEncoding = 4; lastKnownFileType = sourcecode.c.h; name = DHSSettingsListDelegate.h; path = "BareBones/View Controllers/Settings/Delegates/DHSSettingsListDelegate.h"; sourceTree = SOURCE_ROOT; };
		5E1E150C20B3E82B00BEC739 /* DHSBaseTableDelegate.m */ = {isa = PBXFileReference; fileEncoding = 4; lastKnownFileType = sourcecode.c.objc; path = DHSBaseTableDelegate.m; sourceTree = "<group>"; };
		5E1E150D20B3E82B00BEC739 /* DHSBaseTableDelegate.h */ = {isa = PBXFileReference; fileEncoding = 4; lastKnownFileType = sourcecode.c.h; path = DHSBaseTableDelegate.h; sourceTree = "<group>"; };
		5E1E150F20B3F2B200BEC739 /* DHSThemeViewController.h */ = {isa = PBXFileReference; lastKnownFileType = sourcecode.c.h; path = DHSThemeViewController.h; sourceTree = "<group>"; };
		5E1E151020B3F2B200BEC739 /* DHSThemeViewController.m */ = {isa = PBXFileReference; lastKnownFileType = sourcecode.c.objc; path = DHSThemeViewController.m; sourceTree = "<group>"; };
		5E1E151120B3F2B200BEC739 /* DHSThemeViewController.xib */ = {isa = PBXFileReference; lastKnownFileType = file.xib; path = DHSThemeViewController.xib; sourceTree = "<group>"; };
		5EC837C720B25D0000357C88 /* DHSButton.h */ = {isa = PBXFileReference; lastKnownFileType = sourcecode.c.h; name = DHSButton.h; path = ../Components/DHSButton.h; sourceTree = "<group>"; };
		5EC837C820B25D0000357C88 /* DHSButton.m */ = {isa = PBXFileReference; fileEncoding = 4; lastKnownFileType = sourcecode.c.objc; name = DHSButton.m; path = ../Components/DHSButton.m; sourceTree = "<group>"; };
		5EC837D220B28CC600357C88 /* DHSSecondaryButton.h */ = {isa = PBXFileReference; lastKnownFileType = sourcecode.c.h; path = DHSSecondaryButton.h; sourceTree = "<group>"; };
		5EC837D320B28CC600357C88 /* DHSSecondaryButton.m */ = {isa = PBXFileReference; lastKnownFileType = sourcecode.c.objc; path = DHSSecondaryButton.m; sourceTree = "<group>"; };
		5EC837D520B28EF900357C88 /* DHSPrimaryNoBorderButton.h */ = {isa = PBXFileReference; lastKnownFileType = sourcecode.c.h; name = DHSPrimaryNoBorderButton.h; path = BareBones/Components/DHSPrimaryNoBorderButton.h; sourceTree = SOURCE_ROOT; };
		5EC837D620B28EF900357C88 /* DHSPrimaryNoBorderButton.m */ = {isa = PBXFileReference; lastKnownFileType = sourcecode.c.objc; name = DHSPrimaryNoBorderButton.m; path = BareBones/Components/DHSPrimaryNoBorderButton.m; sourceTree = SOURCE_ROOT; };
		5EC837D820B2A39700357C88 /* SettingsViewController.h */ = {isa = PBXFileReference; lastKnownFileType = sourcecode.c.h; path = SettingsViewController.h; sourceTree = "<group>"; };
		5EC837D920B2A39700357C88 /* SettingsViewController.m */ = {isa = PBXFileReference; lastKnownFileType = sourcecode.c.objc; path = SettingsViewController.m; sourceTree = "<group>"; };
		5EC837DA20B2A39700357C88 /* SettingsViewController.xib */ = {isa = PBXFileReference; lastKnownFileType = file.xib; path = SettingsViewController.xib; sourceTree = "<group>"; };
		AC065FC620AE406C00746B5E /* BareBones.app */ = {isa = PBXFileReference; explicitFileType = wrapper.application; includeInIndex = 0; path = BareBones.app; sourceTree = BUILT_PRODUCTS_DIR; };
		AC065FC920AE406C00746B5E /* AppDelegate.h */ = {isa = PBXFileReference; lastKnownFileType = sourcecode.c.h; path = AppDelegate.h; sourceTree = "<group>"; };
		AC065FCA20AE406C00746B5E /* AppDelegate.m */ = {isa = PBXFileReference; lastKnownFileType = sourcecode.c.objc; path = AppDelegate.m; sourceTree = "<group>"; };
		AC065FD020AE406C00746B5E /* Base */ = {isa = PBXFileReference; lastKnownFileType = file.storyboard; name = Base; path = Base.lproj/Main.storyboard; sourceTree = "<group>"; };
		AC065FD220AE406F00746B5E /* Assets.xcassets */ = {isa = PBXFileReference; lastKnownFileType = folder.assetcatalog; path = Assets.xcassets; sourceTree = "<group>"; };
		AC065FD520AE406F00746B5E /* Base */ = {isa = PBXFileReference; lastKnownFileType = file.storyboard; name = Base; path = Base.lproj/LaunchScreen.storyboard; sourceTree = "<group>"; };
		AC065FD720AE406F00746B5E /* Info.plist */ = {isa = PBXFileReference; lastKnownFileType = text.plist.xml; path = Info.plist; sourceTree = "<group>"; };
		AC065FD820AE406F00746B5E /* main.m */ = {isa = PBXFileReference; lastKnownFileType = sourcecode.c.objc; path = main.m; sourceTree = "<group>"; };
		AC065FE520AE4ECE00746B5E /* DHSColorPool.h */ = {isa = PBXFileReference; fileEncoding = 4; lastKnownFileType = sourcecode.c.h; path = DHSColorPool.h; sourceTree = "<group>"; };
		AC065FE620AE4ECE00746B5E /* DHSColorPool.m */ = {isa = PBXFileReference; fileEncoding = 4; lastKnownFileType = sourcecode.c.objc; path = DHSColorPool.m; sourceTree = "<group>"; };
		AC065FE920AE524800746B5E /* DHSActivityVC.h */ = {isa = PBXFileReference; lastKnownFileType = sourcecode.c.h; path = DHSActivityVC.h; sourceTree = "<group>"; };
		AC065FEB20AE524800746B5E /* DHSActivityVC.xib */ = {isa = PBXFileReference; lastKnownFileType = file.xib; path = DHSActivityVC.xib; sourceTree = "<group>"; };
		AC26C53520AE80BF001415E8 /* DHSOfficeLocatorVC.h */ = {isa = PBXFileReference; lastKnownFileType = sourcecode.c.h; path = DHSOfficeLocatorVC.h; sourceTree = "<group>"; };
		AC26C53620AE80BF001415E8 /* DHSOfficeLocatorVC.m */ = {isa = PBXFileReference; lastKnownFileType = sourcecode.c.objc; path = DHSOfficeLocatorVC.m; sourceTree = "<group>"; };
		AC26C53720AE80BF001415E8 /* DHSOfficeLocatorVC.xib */ = {isa = PBXFileReference; lastKnownFileType = file.xib; path = DHSOfficeLocatorVC.xib; sourceTree = "<group>"; };
		AC26C53B20AE8174001415E8 /* DHSOfficeLocatorListDelegate.h */ = {isa = PBXFileReference; lastKnownFileType = sourcecode.c.h; path = DHSOfficeLocatorListDelegate.h; sourceTree = "<group>"; };
		AC26C53C20AE8174001415E8 /* DHSOfficeLocatorListDelegate.m */ = {isa = PBXFileReference; lastKnownFileType = sourcecode.c.objc; path = DHSOfficeLocatorListDelegate.m; sourceTree = "<group>"; };
		AC26C53F20AE823E001415E8 /* DHSOfficeLocatorCell.h */ = {isa = PBXFileReference; lastKnownFileType = sourcecode.c.h; path = DHSOfficeLocatorCell.h; sourceTree = "<group>"; };
		AC26C54020AE823E001415E8 /* DHSOfficeLocatorCell.m */ = {isa = PBXFileReference; lastKnownFileType = sourcecode.c.objc; path = DHSOfficeLocatorCell.m; sourceTree = "<group>"; };
		AC26C54120AE823E001415E8 /* DHSOfficeLocatorCell.xib */ = {isa = PBXFileReference; lastKnownFileType = file.xib; path = DHSOfficeLocatorCell.xib; sourceTree = "<group>"; };
		AC26C54520AE88B9001415E8 /* DHSActivityVC.m */ = {isa = PBXFileReference; fileEncoding = 4; lastKnownFileType = sourcecode.c.objc; path = DHSActivityVC.m; sourceTree = "<group>"; };
/* End PBXFileReference section */

/* Begin PBXFrameworksBuildPhase section */
		AC065FC320AE406C00746B5E /* Frameworks */ = {
			isa = PBXFrameworksBuildPhase;
			buildActionMask = 2147483647;
			files = (
			);
			runOnlyForDeploymentPostprocessing = 0;
		};
/* End PBXFrameworksBuildPhase section */

/* Begin PBXGroup section */
		3D3D55DE20B298BB00CE3CEE /* Custom Section Headers */ = {
			isa = PBXGroup;
			children = (
				3D3D55D720B2911600CE3CEE /* DHSPaymentsSectionHeader.xib */,
				3D3D55DC20B2957B00CE3CEE /* DHSTasksSectionHeader.xib */,
				3D3D55DF20B2991300CE3CEE /* DHSTextSectionHeader.xib */,
			);
			path = "Custom Section Headers";
			sourceTree = "<group>";
		};
		3DBF741020AFC943006D795A /* Main Tabs */ = {
			isa = PBXGroup;
			children = (
				3DFB3D3720B0E75C002F346C /* Delegates */,
				3DBF741120AFC943006D795A /* DHSMainTabsTabBarController.h */,
				3DBF741220AFC943006D795A /* DHSMainTabsTabBarController.m */,
				3DBF741320AFC943006D795A /* DHSMainTabsTabBarController.xib */,
			);
			path = "Main Tabs";
			sourceTree = "<group>";
		};
		3DBF741C20AFCCDF006D795A /* Landing */ = {
			isa = PBXGroup;
			children = (
				3D3D55DE20B298BB00CE3CEE /* Custom Section Headers */,
				3DBF741E20AFCCDF006D795A /* Custom Cells */,
				3DBF742220AFCCDF006D795A /* DHSLandingVC.xib */,
				3DBF742320AFCCDF006D795A /* DHSLandingVC.h */,
				3DBF741D20AFCCDF006D795A /* DHSLandingVC.m */,
				3DBF742420AFCCDF006D795A /* Delegates */,
			);
			path = Landing;
			sourceTree = "<group>";
		};
		3DBF741E20AFCCDF006D795A /* Custom Cells */ = {
			isa = PBXGroup;
			children = (
				3DBF743220AFD236006D795A /* Payments */,
				3DBF743120AFD22E006D795A /* Task */,
				3DBF743320AFD344006D795A /* Appointment */,
				3DBF743920AFD402006D795A /* Frequently Used */,
			);
			path = "Custom Cells";
			sourceTree = "<group>";
		};
		3DBF742420AFCCDF006D795A /* Delegates */ = {
			isa = PBXGroup;
			children = (
				3DBF742520AFCCDF006D795A /* DHSLandingListDelegate.m */,
				3DBF742620AFCCDF006D795A /* DHSLandingListDelegate.h */,
			);
			path = Delegates;
			sourceTree = "<group>";
		};
		3DBF743120AFD22E006D795A /* Task */ = {
			isa = PBXGroup;
			children = (
				3DBF742D20AFD1D6006D795A /* DHSTaskCell.h */,
				3DBF742E20AFD1D6006D795A /* DHSTaskCell.m */,
				3DBF742C20AFD1D6006D795A /* DHSTaskCell.xib */,
			);
			path = Task;
			sourceTree = "<group>";
		};
		3DBF743220AFD236006D795A /* Payments */ = {
			isa = PBXGroup;
			children = (
				3DBF741F20AFCCDF006D795A /* DHSPaymentsCell.m */,
				3DBF742020AFCCDF006D795A /* DHSPaymentsCell.xib */,
				3DBF742120AFCCDF006D795A /* DHSPaymentsCell.h */,
			);
			path = Payments;
			sourceTree = "<group>";
		};
		3DBF743320AFD344006D795A /* Appointment */ = {
			isa = PBXGroup;
			children = (
				3DBF743420AFD344006D795A /* DHSAppointmentCell.xib */,
				3DBF743520AFD344006D795A /* DHSAppointmentCell.h */,
				3DBF743620AFD344006D795A /* DHSAppointmentCell.m */,
			);
			path = Appointment;
			sourceTree = "<group>";
		};
		3DBF743920AFD402006D795A /* Frequently Used */ = {
			isa = PBXGroup;
			children = (
				3DBF743A20AFD402006D795A /* DHSFrequentlyUsedCell.h */,
				3DBF743B20AFD402006D795A /* DHSFrequentlyUsedCell.xib */,
				3DBF743C20AFD402006D795A /* DHSFrequentlyUsedCell.m */,
			);
			path = "Frequently Used";
			sourceTree = "<group>";
		};
		3DC3E5DD20AE659200451FE7 /* Navigation for test screens */ = {
			isa = PBXGroup;
			children = (
				3DC3E5D220AE656100451FE7 /* DHSNavigationForTestScreensTableViewController.h */,
				3DC3E5D320AE656100451FE7 /* DHSNavigationForTestScreensTableViewController.m */,
			);
			path = "Navigation for test screens";
			sourceTree = "<group>";
		};
		3DFB3D3720B0E75C002F346C /* Delegates */ = {
			isa = PBXGroup;
			children = (
				3DFB3D3820B0E7F9002F346C /* DHSMainTabsDelegate.h */,
			);
			path = Delegates;
			sourceTree = "<group>";
		};
		5E1E150B20B3DA6B00BEC739 /* Delegates */ = {
			isa = PBXGroup;
			children = (
				5E1E150920B3DA6400BEC739 /* DHSSettingsListDelegate.h */,
				5E1E150820B3DA6400BEC739 /* DHSSettingsListDelegate.m */,
			);
			path = Delegates;
			sourceTree = "<group>";
		};
		5E1E151420B3F2C800BEC739 /* Theme */ = {
			isa = PBXGroup;
			children = (
				5E1E150F20B3F2B200BEC739 /* DHSThemeViewController.h */,
				5E1E151020B3F2B200BEC739 /* DHSThemeViewController.m */,
				5E1E151120B3F2B200BEC739 /* DHSThemeViewController.xib */,
			);
			name = Theme;
			path = "New Group";
			sourceTree = "<group>";
		};
		5EC7D97B20AE6AF300A5BC42 /* SignIn */ = {
			isa = PBXGroup;
			children = (
				3DBF740820AFC883006D795A /* DHSSignInVC.h */,
				3DBF740620AFC883006D795A /* DHSSignInVC.m */,
				3DBF740720AFC883006D795A /* DHSSignInVC.xib */,
			);
			name = SignIn;
			sourceTree = "<group>";
		};
		5EC7D98620AE6F8B00A5BC42 /* AOC */ = {
			isa = PBXGroup;
			children = (
				3DBF740B20AFC8A8006D795A /* DHSAocVC.h */,
				3DBF740C20AFC8A8006D795A /* DHSAocVC.m */,
				3DBF740D20AFC8A8006D795A /* DHSAocVC.xib */,
			);
			name = AOC;
			sourceTree = "<group>";
		};
		5EC837CA20B25D0A00357C88 /* Components */ = {
			isa = PBXGroup;
			children = (
				5EC837D220B28CC600357C88 /* DHSSecondaryButton.h */,
				5EC837D320B28CC600357C88 /* DHSSecondaryButton.m */,
				5EC837D520B28EF900357C88 /* DHSPrimaryNoBorderButton.h */,
				5EC837D620B28EF900357C88 /* DHSPrimaryNoBorderButton.m */,
				5EC837C720B25D0000357C88 /* DHSButton.h */,
				5EC837C820B25D0000357C88 /* DHSButton.m */,
			);
			name = Components;
			path = "New Group";
			sourceTree = "<group>";
		};
		5EC837DD20B2A3A500357C88 /* Settings */ = {
			isa = PBXGroup;
			children = (
				5E1E151420B3F2C800BEC739 /* Theme */,
				5E1E150B20B3DA6B00BEC739 /* Delegates */,
				5EC837D820B2A39700357C88 /* SettingsViewController.h */,
				5EC837D920B2A39700357C88 /* SettingsViewController.m */,
				5EC837DA20B2A39700357C88 /* SettingsViewController.xib */,
			);
			path = Settings;
			sourceTree = "<group>";
		};
		AC065FBD20AE406C00746B5E = {
			isa = PBXGroup;
			children = (
				AC065FC820AE406C00746B5E /* BareBones */,
				AC065FC720AE406C00746B5E /* Products */,
			);
			sourceTree = "<group>";
		};
		AC065FC720AE406C00746B5E /* Products */ = {
			isa = PBXGroup;
			children = (
				AC065FC620AE406C00746B5E /* BareBones.app */,
			);
			name = Products;
			sourceTree = "<group>";
		};
		AC065FC820AE406C00746B5E /* BareBones */ = {
			isa = PBXGroup;
			children = (
				3DC3E5DD20AE659200451FE7 /* Navigation for test screens */,
				3DBF741020AFC943006D795A /* Main Tabs */,
				AC065FE820AE51BD00746B5E /* View Controllers */,
				AC065FE420AE4EB900746B5E /* Utils */,
				AC065FC920AE406C00746B5E /* AppDelegate.h */,
				AC065FCA20AE406C00746B5E /* AppDelegate.m */,
				AC065FCF20AE406C00746B5E /* Main.storyboard */,
				5EC837CA20B25D0A00357C88 /* Components */,
				AC065FD220AE406F00746B5E /* Assets.xcassets */,
				3DCB335220B7C8D400E6647E /* bars.pdf */,
				AC065FD420AE406F00746B5E /* LaunchScreen.storyboard */,
				AC065FD720AE406F00746B5E /* Info.plist */,
				AC065FD820AE406F00746B5E /* main.m */,
			);
			path = BareBones;
			sourceTree = "<group>";
		};
		AC065FE420AE4EB900746B5E /* Utils */ = {
			isa = PBXGroup;
			children = (
				AC065FE520AE4ECE00746B5E /* DHSColorPool.h */,
				AC065FE620AE4ECE00746B5E /* DHSColorPool.m */,
				3DFB3D3B20B0F471002F346C /* Constants.h */,
				3DFB3D3C20B0F611002F346C /* Constants.m */,
			);
			path = Utils;
			sourceTree = "<group>";
		};
		AC065FE820AE51BD00746B5E /* View Controllers */ = {
			isa = PBXGroup;
			children = (
				5E1E150D20B3E82B00BEC739 /* DHSBaseTableDelegate.h */,
				5E1E150C20B3E82B00BEC739 /* DHSBaseTableDelegate.m */,
				AC26C52E20AE7FDA001415E8 /* Activity Modal */,
				5EC7D98620AE6F8B00A5BC42 /* AOC */,
				3DBF741C20AFCCDF006D795A /* Landing */,
				AC26C52F20AE8012001415E8 /* Office Locator */,
				5EC837DD20B2A3A500357C88 /* Settings */,
				5EC7D97B20AE6AF300A5BC42 /* SignIn */,
			);
			path = "View Controllers";
			sourceTree = "<group>";
		};
		AC26C52E20AE7FDA001415E8 /* Activity Modal */ = {
			isa = PBXGroup;
			children = (
				AC065FE920AE524800746B5E /* DHSActivityVC.h */,
				AC26C54520AE88B9001415E8 /* DHSActivityVC.m */,
				AC065FEB20AE524800746B5E /* DHSActivityVC.xib */,
			);
			path = "Activity Modal";
			sourceTree = "<group>";
		};
		AC26C52F20AE8012001415E8 /* Office Locator */ = {
			isa = PBXGroup;
			children = (
				AC26C53E20AE8217001415E8 /* Custom Cell */,
				AC26C53A20AE8159001415E8 /* Delegates */,
				AC26C53520AE80BF001415E8 /* DHSOfficeLocatorVC.h */,
				AC26C53620AE80BF001415E8 /* DHSOfficeLocatorVC.m */,
				AC26C53720AE80BF001415E8 /* DHSOfficeLocatorVC.xib */,
			);
			path = "Office Locator";
			sourceTree = "<group>";
		};
		AC26C53A20AE8159001415E8 /* Delegates */ = {
			isa = PBXGroup;
			children = (
				AC26C53B20AE8174001415E8 /* DHSOfficeLocatorListDelegate.h */,
				AC26C53C20AE8174001415E8 /* DHSOfficeLocatorListDelegate.m */,
			);
			path = Delegates;
			sourceTree = "<group>";
		};
		AC26C53E20AE8217001415E8 /* Custom Cell */ = {
			isa = PBXGroup;
			children = (
				AC26C53F20AE823E001415E8 /* DHSOfficeLocatorCell.h */,
				AC26C54020AE823E001415E8 /* DHSOfficeLocatorCell.m */,
				AC26C54120AE823E001415E8 /* DHSOfficeLocatorCell.xib */,
			);
			path = "Custom Cell";
			sourceTree = "<group>";
		};
/* End PBXGroup section */

/* Begin PBXNativeTarget section */
		AC065FC520AE406C00746B5E /* BareBones */ = {
			isa = PBXNativeTarget;
			buildConfigurationList = AC065FDC20AE406F00746B5E /* Build configuration list for PBXNativeTarget "BareBones" */;
			buildPhases = (
				AC065FC220AE406C00746B5E /* Sources */,
				AC065FC320AE406C00746B5E /* Frameworks */,
				AC065FC420AE406C00746B5E /* Resources */,
			);
			buildRules = (
			);
			dependencies = (
			);
			name = BareBones;
			productName = BareBones;
			productReference = AC065FC620AE406C00746B5E /* BareBones.app */;
			productType = "com.apple.product-type.application";
		};
/* End PBXNativeTarget section */

/* Begin PBXProject section */
		AC065FBE20AE406C00746B5E /* Project object */ = {
			isa = PBXProject;
			attributes = {
				LastUpgradeCheck = 0930;
				ORGANIZATIONNAME = "Pruthvi Henly Onkar";
				TargetAttributes = {
					AC065FC520AE406C00746B5E = {
						CreatedOnToolsVersion = 9.3;
						ProvisioningStyle = Automatic;
					};
				};
			};
			buildConfigurationList = AC065FC120AE406C00746B5E /* Build configuration list for PBXProject "BareBones" */;
			compatibilityVersion = "Xcode 8.0";
			developmentRegion = en;
			hasScannedForEncodings = 0;
			knownRegions = (
				en,
				Base,
			);
			mainGroup = AC065FBD20AE406C00746B5E;
			productRefGroup = AC065FC720AE406C00746B5E /* Products */;
			projectDirPath = "";
			projectRoot = "";
			targets = (
				AC065FC520AE406C00746B5E /* BareBones */,
			);
		};
/* End PBXProject section */

/* Begin PBXResourcesBuildPhase section */
		AC065FC420AE406C00746B5E /* Resources */ = {
			isa = PBXResourcesBuildPhase;
			buildActionMask = 2147483647;
			files = (
				5E1E151320B3F2B200BEC739 /* DHSThemeViewController.xib in Resources */,
				3DBF743D20AFD403006D795A /* DHSFrequentlyUsedCell.xib in Resources */,
				5EC837DC20B2A39700357C88 /* SettingsViewController.xib in Resources */,
				3DBF740A20AFC883006D795A /* DHSSignInVC.xib in Resources */,
				3DCB335320B7C8D400E6647E /* bars.pdf in Resources */,
				3DBF743720AFD344006D795A /* DHSAppointmentCell.xib in Resources */,
				AC26C54320AE823E001415E8 /* DHSOfficeLocatorCell.xib in Resources */,
				AC065FD620AE406F00746B5E /* LaunchScreen.storyboard in Resources */,
				AC065FD320AE406F00746B5E /* Assets.xcassets in Resources */,
				AC065FD120AE406C00746B5E /* Main.storyboard in Resources */,
				3DBF741520AFC943006D795A /* DHSMainTabsTabBarController.xib in Resources */,
				3DBF742A20AFCCDF006D795A /* DHSLandingVC.xib in Resources */,
				3D3D55E020B2991300CE3CEE /* DHSTextSectionHeader.xib in Resources */,
				3D3D55DD20B2957B00CE3CEE /* DHSTasksSectionHeader.xib in Resources */,
				AC065FED20AE524800746B5E /* DHSActivityVC.xib in Resources */,
				3DBF742920AFCCDF006D795A /* DHSPaymentsCell.xib in Resources */,
				3DBF742F20AFD1D6006D795A /* DHSTaskCell.xib in Resources */,
				3DBF740F20AFC8A8006D795A /* DHSAocVC.xib in Resources */,
				3D3D55D820B2911600CE3CEE /* DHSPaymentsSectionHeader.xib in Resources */,
				AC26C53920AE80BF001415E8 /* DHSOfficeLocatorVC.xib in Resources */,
			);
			runOnlyForDeploymentPostprocessing = 0;
		};
/* End PBXResourcesBuildPhase section */

/* Begin PBXSourcesBuildPhase section */
		AC065FC220AE406C00746B5E /* Sources */ = {
			isa = PBXSourcesBuildPhase;
			buildActionMask = 2147483647;
			files = (
				3DBF741420AFC943006D795A /* DHSMainTabsTabBarController.m in Sources */,
				3DBF740E20AFC8A8006D795A /* DHSAocVC.m in Sources */,
				5E1E150E20B3E82C00BEC739 /* DHSBaseTableDelegate.m in Sources */,
				AC26C54220AE823E001415E8 /* DHSOfficeLocatorCell.m in Sources */,
				AC26C54620AE88B9001415E8 /* DHSActivityVC.m in Sources */,
				5EC837C920B25D0000357C88 /* DHSButton.m in Sources */,
				3DBF743E20AFD403006D795A /* DHSFrequentlyUsedCell.m in Sources */,
				3DBF742B20AFCCDF006D795A /* DHSLandingListDelegate.m in Sources */,
				AC26C53820AE80BF001415E8 /* DHSOfficeLocatorVC.m in Sources */,
				5E1E151220B3F2B200BEC739 /* DHSThemeViewController.m in Sources */,
				3DBF742820AFCCDF006D795A /* DHSPaymentsCell.m in Sources */,
				5E1E150A20B3DA6400BEC739 /* DHSSettingsListDelegate.m in Sources */,
				3DBF740920AFC883006D795A /* DHSSignInVC.m in Sources */,
				5EC837DB20B2A39700357C88 /* SettingsViewController.m in Sources */,
				AC065FE720AE4ECE00746B5E /* DHSColorPool.m in Sources */,
				3DBF743020AFD1D6006D795A /* DHSTaskCell.m in Sources */,
				5EC837D420B28CC600357C88 /* DHSSecondaryButton.m in Sources */,
				AC065FD920AE406F00746B5E /* main.m in Sources */,
				3DBF742720AFCCDF006D795A /* DHSLandingVC.m in Sources */,
				AC26C53D20AE8174001415E8 /* DHSOfficeLocatorListDelegate.m in Sources */,
				5EC837D720B28EF900357C88 /* DHSPrimaryNoBorderButton.m in Sources */,
				AC065FCB20AE406C00746B5E /* AppDelegate.m in Sources */,
				3DBF743820AFD344006D795A /* DHSAppointmentCell.m in Sources */,
				3DC3E5D520AE656100451FE7 /* DHSNavigationForTestScreensTableViewController.m in Sources */,
				3DFB3D3D20B0F611002F346C /* Constants.m in Sources */,
			);
			runOnlyForDeploymentPostprocessing = 0;
		};
/* End PBXSourcesBuildPhase section */

/* Begin PBXVariantGroup section */
		AC065FCF20AE406C00746B5E /* Main.storyboard */ = {
			isa = PBXVariantGroup;
			children = (
				AC065FD020AE406C00746B5E /* Base */,
			);
			name = Main.storyboard;
			sourceTree = "<group>";
		};
		AC065FD420AE406F00746B5E /* LaunchScreen.storyboard */ = {
			isa = PBXVariantGroup;
			children = (
				AC065FD520AE406F00746B5E /* Base */,
			);
			name = LaunchScreen.storyboard;
			sourceTree = "<group>";
		};
/* End PBXVariantGroup section */

/* Begin XCBuildConfiguration section */
		AC065FDA20AE406F00746B5E /* Debug */ = {
			isa = XCBuildConfiguration;
			buildSettings = {
				ALWAYS_SEARCH_USER_PATHS = NO;
				CLANG_ANALYZER_NONNULL = YES;
				CLANG_ANALYZER_NUMBER_OBJECT_CONVERSION = YES_AGGRESSIVE;
				CLANG_CXX_LANGUAGE_STANDARD = "gnu++14";
				CLANG_CXX_LIBRARY = "libc++";
				CLANG_ENABLE_MODULES = YES;
				CLANG_ENABLE_OBJC_ARC = YES;
				CLANG_ENABLE_OBJC_WEAK = YES;
				CLANG_WARN_BLOCK_CAPTURE_AUTORELEASING = YES;
				CLANG_WARN_BOOL_CONVERSION = YES;
				CLANG_WARN_COMMA = YES;
				CLANG_WARN_CONSTANT_CONVERSION = YES;
				CLANG_WARN_DEPRECATED_OBJC_IMPLEMENTATIONS = YES;
				CLANG_WARN_DIRECT_OBJC_ISA_USAGE = YES_ERROR;
				CLANG_WARN_DOCUMENTATION_COMMENTS = YES;
				CLANG_WARN_EMPTY_BODY = YES;
				CLANG_WARN_ENUM_CONVERSION = YES;
				CLANG_WARN_INFINITE_RECURSION = YES;
				CLANG_WARN_INT_CONVERSION = YES;
				CLANG_WARN_NON_LITERAL_NULL_CONVERSION = YES;
				CLANG_WARN_OBJC_IMPLICIT_RETAIN_SELF = YES;
				CLANG_WARN_OBJC_LITERAL_CONVERSION = YES;
				CLANG_WARN_OBJC_ROOT_CLASS = YES_ERROR;
				CLANG_WARN_RANGE_LOOP_ANALYSIS = YES;
				CLANG_WARN_STRICT_PROTOTYPES = YES;
				CLANG_WARN_SUSPICIOUS_MOVE = YES;
				CLANG_WARN_UNGUARDED_AVAILABILITY = YES_AGGRESSIVE;
				CLANG_WARN_UNREACHABLE_CODE = YES;
				CLANG_WARN__DUPLICATE_METHOD_MATCH = YES;
				CODE_SIGN_IDENTITY = "iPhone Developer";
				COPY_PHASE_STRIP = NO;
				DEBUG_INFORMATION_FORMAT = dwarf;
				ENABLE_STRICT_OBJC_MSGSEND = YES;
				ENABLE_TESTABILITY = YES;
				GCC_C_LANGUAGE_STANDARD = gnu11;
				GCC_DYNAMIC_NO_PIC = NO;
				GCC_NO_COMMON_BLOCKS = YES;
				GCC_OPTIMIZATION_LEVEL = 0;
				GCC_PREPROCESSOR_DEFINITIONS = (
					"DEBUG=1",
					"$(inherited)",
				);
				GCC_WARN_64_TO_32_BIT_CONVERSION = YES;
				GCC_WARN_ABOUT_RETURN_TYPE = YES_ERROR;
				GCC_WARN_UNDECLARED_SELECTOR = YES;
				GCC_WARN_UNINITIALIZED_AUTOS = YES_AGGRESSIVE;
				GCC_WARN_UNUSED_FUNCTION = YES;
				GCC_WARN_UNUSED_VARIABLE = YES;
				IPHONEOS_DEPLOYMENT_TARGET = 11.3;
				MTL_ENABLE_DEBUG_INFO = YES;
				ONLY_ACTIVE_ARCH = YES;
				SDKROOT = iphoneos;
			};
			name = Debug;
		};
		AC065FDB20AE406F00746B5E /* Release */ = {
			isa = XCBuildConfiguration;
			buildSettings = {
				ALWAYS_SEARCH_USER_PATHS = NO;
				CLANG_ANALYZER_NONNULL = YES;
				CLANG_ANALYZER_NUMBER_OBJECT_CONVERSION = YES_AGGRESSIVE;
				CLANG_CXX_LANGUAGE_STANDARD = "gnu++14";
				CLANG_CXX_LIBRARY = "libc++";
				CLANG_ENABLE_MODULES = YES;
				CLANG_ENABLE_OBJC_ARC = YES;
				CLANG_ENABLE_OBJC_WEAK = YES;
				CLANG_WARN_BLOCK_CAPTURE_AUTORELEASING = YES;
				CLANG_WARN_BOOL_CONVERSION = YES;
				CLANG_WARN_COMMA = YES;
				CLANG_WARN_CONSTANT_CONVERSION = YES;
				CLANG_WARN_DEPRECATED_OBJC_IMPLEMENTATIONS = YES;
				CLANG_WARN_DIRECT_OBJC_ISA_USAGE = YES_ERROR;
				CLANG_WARN_DOCUMENTATION_COMMENTS = YES;
				CLANG_WARN_EMPTY_BODY = YES;
				CLANG_WARN_ENUM_CONVERSION = YES;
				CLANG_WARN_INFINITE_RECURSION = YES;
				CLANG_WARN_INT_CONVERSION = YES;
				CLANG_WARN_NON_LITERAL_NULL_CONVERSION = YES;
				CLANG_WARN_OBJC_IMPLICIT_RETAIN_SELF = YES;
				CLANG_WARN_OBJC_LITERAL_CONVERSION = YES;
				CLANG_WARN_OBJC_ROOT_CLASS = YES_ERROR;
				CLANG_WARN_RANGE_LOOP_ANALYSIS = YES;
				CLANG_WARN_STRICT_PROTOTYPES = YES;
				CLANG_WARN_SUSPICIOUS_MOVE = YES;
				CLANG_WARN_UNGUARDED_AVAILABILITY = YES_AGGRESSIVE;
				CLANG_WARN_UNREACHABLE_CODE = YES;
				CLANG_WARN__DUPLICATE_METHOD_MATCH = YES;
				CODE_SIGN_IDENTITY = "iPhone Developer";
				COPY_PHASE_STRIP = NO;
				DEBUG_INFORMATION_FORMAT = "dwarf-with-dsym";
				ENABLE_NS_ASSERTIONS = NO;
				ENABLE_STRICT_OBJC_MSGSEND = YES;
				GCC_C_LANGUAGE_STANDARD = gnu11;
				GCC_NO_COMMON_BLOCKS = YES;
				GCC_WARN_64_TO_32_BIT_CONVERSION = YES;
				GCC_WARN_ABOUT_RETURN_TYPE = YES_ERROR;
				GCC_WARN_UNDECLARED_SELECTOR = YES;
				GCC_WARN_UNINITIALIZED_AUTOS = YES_AGGRESSIVE;
				GCC_WARN_UNUSED_FUNCTION = YES;
				GCC_WARN_UNUSED_VARIABLE = YES;
				IPHONEOS_DEPLOYMENT_TARGET = 11.3;
				MTL_ENABLE_DEBUG_INFO = NO;
				SDKROOT = iphoneos;
				VALIDATE_PRODUCT = YES;
			};
			name = Release;
		};
		AC065FDD20AE406F00746B5E /* Debug */ = {
			isa = XCBuildConfiguration;
			buildSettings = {
				ASSETCATALOG_COMPILER_APPICON_NAME = AppIcon;
				CODE_SIGN_STYLE = Automatic;
				DEVELOPMENT_TEAM = 6KWN4YPXHT;
				INFOPLIST_FILE = BareBones/Info.plist;
				IPHONEOS_DEPLOYMENT_TARGET = 8.0;
				LD_RUNPATH_SEARCH_PATHS = "$(inherited) @executable_path/Frameworks";
				PRODUCT_BUNDLE_IDENTIFIER = "com.henly.ios.BareBonesProject.BareBones-aj";
				PRODUCT_NAME = "$(TARGET_NAME)";
				TARGETED_DEVICE_FAMILY = 1;
			};
			name = Debug;
		};
		AC065FDE20AE406F00746B5E /* Release */ = {
			isa = XCBuildConfiguration;
			buildSettings = {
				ASSETCATALOG_COMPILER_APPICON_NAME = AppIcon;
				CODE_SIGN_STYLE = Automatic;
				DEVELOPMENT_TEAM = 6KWN4YPXHT;
				INFOPLIST_FILE = BareBones/Info.plist;
				IPHONEOS_DEPLOYMENT_TARGET = 8.0;
				LD_RUNPATH_SEARCH_PATHS = "$(inherited) @executable_path/Frameworks";
				PRODUCT_BUNDLE_IDENTIFIER = "com.henly.ios.BareBonesProject.BareBones-aj";
				PRODUCT_NAME = "$(TARGET_NAME)";
				TARGETED_DEVICE_FAMILY = 1;
			};
			name = Release;
		};
/* End XCBuildConfiguration section */

/* Begin XCConfigurationList section */
		AC065FC120AE406C00746B5E /* Build configuration list for PBXProject "BareBones" */ = {
			isa = XCConfigurationList;
			buildConfigurations = (
				AC065FDA20AE406F00746B5E /* Debug */,
				AC065FDB20AE406F00746B5E /* Release */,
			);
			defaultConfigurationIsVisible = 0;
			defaultConfigurationName = Release;
		};
		AC065FDC20AE406F00746B5E /* Build configuration list for PBXNativeTarget "BareBones" */ = {
			isa = XCConfigurationList;
			buildConfigurations = (
				AC065FDD20AE406F00746B5E /* Debug */,
				AC065FDE20AE406F00746B5E /* Release */,
			);
			defaultConfigurationIsVisible = 0;
			defaultConfigurationName = Release;
		};
/* End XCConfigurationList section */
	};
	rootObject = AC065FBE20AE406C00746B5E /* Project object */;
}
