// !$*UTF8*$!
{
	archiveVersion = 1;
	classes = {
	};
	objectVersion = 48;
	objects = {

/* Begin PBXBuildFile section */
		3DC3E5D520AE656100451FE7 /* DHSNavigationForTestScreensTableViewController.m in Sources */ = {isa = PBXBuildFile; fileRef = 3DC3E5D320AE656100451FE7 /* DHSNavigationForTestScreensTableViewController.m */; };
		3DC3E5DA20AE657300451FE7 /* LandingViewController.m in Sources */ = {isa = PBXBuildFile; fileRef = 3DC3E5D720AE657300451FE7 /* LandingViewController.m */; };
		3DC3E5DB20AE657300451FE7 /* LandingViewController.xib in Resources */ = {isa = PBXBuildFile; fileRef = 3DC3E5D820AE657300451FE7 /* LandingViewController.xib */; };
		AC065FCB20AE406C00746B5E /* AppDelegate.m in Sources */ = {isa = PBXBuildFile; fileRef = AC065FCA20AE406C00746B5E /* AppDelegate.m */; };
		AC065FD120AE406C00746B5E /* Main.storyboard in Resources */ = {isa = PBXBuildFile; fileRef = AC065FCF20AE406C00746B5E /* Main.storyboard */; };
		AC065FD320AE406F00746B5E /* Assets.xcassets in Resources */ = {isa = PBXBuildFile; fileRef = AC065FD220AE406F00746B5E /* Assets.xcassets */; };
		AC065FD620AE406F00746B5E /* LaunchScreen.storyboard in Resources */ = {isa = PBXBuildFile; fileRef = AC065FD420AE406F00746B5E /* LaunchScreen.storyboard */; };
		AC065FD920AE406F00746B5E /* main.m in Sources */ = {isa = PBXBuildFile; fileRef = AC065FD820AE406F00746B5E /* main.m */; };
		AC065FE720AE4ECE00746B5E /* DHSColorPool.m in Sources */ = {isa = PBXBuildFile; fileRef = AC065FE620AE4ECE00746B5E /* DHSColorPool.m */; };
		AC065FEC20AE524800746B5E /* DHSActivityVC.m in Sources */ = {isa = PBXBuildFile; fileRef = AC065FEA20AE524800746B5E /* DHSActivityVC.m */; };
		AC065FED20AE524800746B5E /* DHSActivityVC.xib in Resources */ = {isa = PBXBuildFile; fileRef = AC065FEB20AE524800746B5E /* DHSActivityVC.xib */; };
/* End PBXBuildFile section */

/* Begin PBXFileReference section */
		3DC3E5D220AE656100451FE7 /* DHSNavigationForTestScreensTableViewController.h */ = {isa = PBXFileReference; fileEncoding = 4; lastKnownFileType = sourcecode.c.h; path = DHSNavigationForTestScreensTableViewController.h; sourceTree = "<group>"; };
		3DC3E5D320AE656100451FE7 /* DHSNavigationForTestScreensTableViewController.m */ = {isa = PBXFileReference; fileEncoding = 4; lastKnownFileType = sourcecode.c.objc; path = DHSNavigationForTestScreensTableViewController.m; sourceTree = "<group>"; };
		3DC3E5D720AE657300451FE7 /* LandingViewController.m */ = {isa = PBXFileReference; fileEncoding = 4; lastKnownFileType = sourcecode.c.objc; path = LandingViewController.m; sourceTree = "<group>"; };
		3DC3E5D820AE657300451FE7 /* LandingViewController.xib */ = {isa = PBXFileReference; fileEncoding = 4; lastKnownFileType = file.xib; path = LandingViewController.xib; sourceTree = "<group>"; };
		3DC3E5D920AE657300451FE7 /* LandingViewController.h */ = {isa = PBXFileReference; fileEncoding = 4; lastKnownFileType = sourcecode.c.h; path = LandingViewController.h; sourceTree = "<group>"; };
		AC065FC620AE406C00746B5E /* BareBones.app */ = {isa = PBXFileReference; explicitFileType = wrapper.application; includeInIndex = 0; path = BareBones.app; sourceTree = BUILT_PRODUCTS_DIR; };
		AC065FC920AE406C00746B5E /* AppDelegate.h */ = {isa = PBXFileReference; lastKnownFileType = sourcecode.c.h; path = AppDelegate.h; sourceTree = "<group>"; };
		AC065FCA20AE406C00746B5E /* AppDelegate.m */ = {isa = PBXFileReference; lastKnownFileType = sourcecode.c.objc; path = AppDelegate.m; sourceTree = "<group>"; };
		AC065FD020AE406C00746B5E /* Base */ = {isa = PBXFileReference; lastKnownFileType = file.storyboard; name = Base; path = Base.lproj/Main.storyboard; sourceTree = "<group>"; };
		AC065FD220AE406F00746B5E /* Assets.xcassets */ = {isa = PBXFileReference; lastKnownFileType = folder.assetcatalog; path = Assets.xcassets; sourceTree = "<group>"; };
		AC065FD520AE406F00746B5E /* Base */ = {isa = PBXFileReference; lastKnownFileType = file.storyboard; name = Base; path = Base.lproj/LaunchScreen.storyboard; sourceTree = "<group>"; };
		AC065FD720AE406F00746B5E /* Info.plist */ = {isa = PBXFileReference; lastKnownFileType = text.plist.xml; path = Info.plist; sourceTree = "<group>"; };
		AC065FD820AE406F00746B5E /* main.m */ = {isa = PBXFileReference; lastKnownFileType = sourcecode.c.objc; path = main.m; sourceTree = "<group>"; };
		AC065FE520AE4ECE00746B5E /* DHSColorPool.h */ = {isa = PBXFileReference; fileEncoding = 4; lastKnownFileType = sourcecode.c.h; path = DHSColorPool.h; sourceTree = "<group>"; };
		AC065FE620AE4ECE00746B5E /* DHSColorPool.m */ = {isa = PBXFileReference; fileEncoding = 4; lastKnownFileType = sourcecode.c.objc; path = DHSColorPool.m; sourceTree = "<group>"; };
		AC065FE920AE524800746B5E /* DHSActivityVC.h */ = {isa = PBXFileReference; lastKnownFileType = sourcecode.c.h; path = DHSActivityVC.h; sourceTree = "<group>"; };
		AC065FEA20AE524800746B5E /* DHSActivityVC.m */ = {isa = PBXFileReference; lastKnownFileType = sourcecode.c.objc; path = DHSActivityVC.m; sourceTree = "<group>"; };
		AC065FEB20AE524800746B5E /* DHSActivityVC.xib */ = {isa = PBXFileReference; lastKnownFileType = file.xib; path = DHSActivityVC.xib; sourceTree = "<group>"; };
/* End PBXFileReference section */

/* Begin PBXFrameworksBuildPhase section */
		AC065FC320AE406C00746B5E /* Frameworks */ = {
			isa = PBXFrameworksBuildPhase;
			buildActionMask = 2147483647;
			files = (
			);
			runOnlyForDeploymentPostprocessing = 0;
		};
/* End PBXFrameworksBuildPhase section */

/* Begin PBXGroup section */
		3DC3E5DC20AE658700451FE7 /* landing */ = {
			isa = PBXGroup;
			children = (
				3DC3E5D920AE657300451FE7 /* LandingViewController.h */,
				3DC3E5D720AE657300451FE7 /* LandingViewController.m */,
				3DC3E5D820AE657300451FE7 /* LandingViewController.xib */,
			);
			path = landing;
			sourceTree = "<group>";
		};
		3DC3E5DD20AE659200451FE7 /* navigation for test screens */ = {
			isa = PBXGroup;
			children = (
				3DC3E5D220AE656100451FE7 /* DHSNavigationForTestScreensTableViewController.h */,
				3DC3E5D320AE656100451FE7 /* DHSNavigationForTestScreensTableViewController.m */,
			);
			path = "navigation for test screens";
			sourceTree = "<group>";
		};
		AC065FBD20AE406C00746B5E = {
			isa = PBXGroup;
			children = (
				AC065FC820AE406C00746B5E /* BareBones */,
				AC065FC720AE406C00746B5E /* Products */,
			);
			sourceTree = "<group>";
		};
		AC065FC720AE406C00746B5E /* Products */ = {
			isa = PBXGroup;
			children = (
				AC065FC620AE406C00746B5E /* BareBones.app */,
			);
			name = Products;
			sourceTree = "<group>";
		};
		AC065FC820AE406C00746B5E /* BareBones */ = {
			isa = PBXGroup;
			children = (
				AC065FE820AE51BD00746B5E /* View Controllers */,
				AC065FE420AE4EB900746B5E /* Utils */,
				AC065FC920AE406C00746B5E /* AppDelegate.h */,
				AC065FCA20AE406C00746B5E /* AppDelegate.m */,
				AC065FCF20AE406C00746B5E /* Main.storyboard */,
				AC065FD220AE406F00746B5E /* Assets.xcassets */,
				AC065FD420AE406F00746B5E /* LaunchScreen.storyboard */,
				AC065FD720AE406F00746B5E /* Info.plist */,
				AC065FD820AE406F00746B5E /* main.m */,
			);
			path = BareBones;
			sourceTree = "<group>";
		};
		AC065FE420AE4EB900746B5E /* Utils */ = {
			isa = PBXGroup;
			children = (
				AC065FE520AE4ECE00746B5E /* DHSColorPool.h */,
				AC065FE620AE4ECE00746B5E /* DHSColorPool.m */,
			);
			path = Utils;
			sourceTree = "<group>";
		};
		AC065FE820AE51BD00746B5E /* View Controllers */ = {
			isa = PBXGroup;
			children = (
				AC065FE920AE524800746B5E /* DHSActivityVC.h */,
				AC065FEA20AE524800746B5E /* DHSActivityVC.m */,
				AC065FEB20AE524800746B5E /* DHSActivityVC.xib */,
				3DC3E5DD20AE659200451FE7 /* navigation for test screens */,
				3DC3E5DC20AE658700451FE7 /* landing */,
			);
			path = "View Controllers";
			sourceTree = "<group>";
		};
/* End PBXGroup section */

/* Begin PBXNativeTarget section */
		AC065FC520AE406C00746B5E /* BareBones */ = {
			isa = PBXNativeTarget;
			buildConfigurationList = AC065FDC20AE406F00746B5E /* Build configuration list for PBXNativeTarget "BareBones" */;
			buildPhases = (
				AC065FC220AE406C00746B5E /* Sources */,
				AC065FC320AE406C00746B5E /* Frameworks */,
				AC065FC420AE406C00746B5E /* Resources */,
			);
			buildRules = (
			);
			dependencies = (
			);
			name = BareBones;
			productName = BareBones;
			productReference = AC065FC620AE406C00746B5E /* BareBones.app */;
			productType = "com.apple.product-type.application";
		};
/* End PBXNativeTarget section */

/* Begin PBXProject section */
		AC065FBE20AE406C00746B5E /* Project object */ = {
			isa = PBXProject;
			attributes = {
				LastUpgradeCheck = 0930;
				ORGANIZATIONNAME = "Pruthvi Henly Onkar";
				TargetAttributes = {
					AC065FC520AE406C00746B5E = {
						CreatedOnToolsVersion = 9.3;
						ProvisioningStyle = Automatic;
					};
				};
			};
			buildConfigurationList = AC065FC120AE406C00746B5E /* Build configuration list for PBXProject "BareBones" */;
			compatibilityVersion = "Xcode 8.0";
			developmentRegion = en;
			hasScannedForEncodings = 0;
			knownRegions = (
				en,
				Base,
			);
			mainGroup = AC065FBD20AE406C00746B5E;
			productRefGroup = AC065FC720AE406C00746B5E /* Products */;
			projectDirPath = "";
			projectRoot = "";
			targets = (
				AC065FC520AE406C00746B5E /* BareBones */,
			);
		};
/* End PBXProject section */

/* Begin PBXResourcesBuildPhase section */
		AC065FC420AE406C00746B5E /* Resources */ = {
			isa = PBXResourcesBuildPhase;
			buildActionMask = 2147483647;
			files = (
				3DC3E5DB20AE657300451FE7 /* LandingViewController.xib in Resources */,
				AC065FD620AE406F00746B5E /* LaunchScreen.storyboard in Resources */,
				AC065FD320AE406F00746B5E /* Assets.xcassets in Resources */,
				AC065FD120AE406C00746B5E /* Main.storyboard in Resources */,
				AC065FED20AE524800746B5E /* DHSActivityVC.xib in Resources */,
			);
			runOnlyForDeploymentPostprocessing = 0;
		};
/* End PBXResourcesBuildPhase section */

/* Begin PBXSourcesBuildPhase section */
		AC065FC220AE406C00746B5E /* Sources */ = {
			isa = PBXSourcesBuildPhase;
			buildActionMask = 2147483647;
			files = (
				3DC3E5DA20AE657300451FE7 /* LandingViewController.m in Sources */,
				AC065FE720AE4ECE00746B5E /* DHSColorPool.m in Sources */,
				AC065FD920AE406F00746B5E /* main.m in Sources */,
				AC065FEC20AE524800746B5E /* DHSActivityVC.m in Sources */,
				AC065FCB20AE406C00746B5E /* AppDelegate.m in Sources */,
				3DC3E5D520AE656100451FE7 /* DHSNavigationForTestScreensTableViewController.m in Sources */,
			);
			runOnlyForDeploymentPostprocessing = 0;
		};
/* End PBXSourcesBuildPhase section */

/* Begin PBXVariantGroup section */
		AC065FCF20AE406C00746B5E /* Main.storyboard */ = {
			isa = PBXVariantGroup;
			children = (
				AC065FD020AE406C00746B5E /* Base */,
			);
			name = Main.storyboard;
			sourceTree = "<group>";
		};
		AC065FD420AE406F00746B5E /* LaunchScreen.storyboard */ = {
			isa = PBXVariantGroup;
			children = (
				AC065FD520AE406F00746B5E /* Base */,
			);
			name = LaunchScreen.storyboard;
			sourceTree = "<group>";
		};
/* End PBXVariantGroup section */

/* Begin XCBuildConfiguration section */
		AC065FDA20AE406F00746B5E /* Debug */ = {
			isa = XCBuildConfiguration;
			buildSettings = {
				ALWAYS_SEARCH_USER_PATHS = NO;
				CLANG_ANALYZER_NONNULL = YES;
				CLANG_ANALYZER_NUMBER_OBJECT_CONVERSION = YES_AGGRESSIVE;
				CLANG_CXX_LANGUAGE_STANDARD = "gnu++14";
				CLANG_CXX_LIBRARY = "libc++";
				CLANG_ENABLE_MODULES = YES;
				CLANG_ENABLE_OBJC_ARC = YES;
				CLANG_ENABLE_OBJC_WEAK = YES;
				CLANG_WARN_BLOCK_CAPTURE_AUTORELEASING = YES;
				CLANG_WARN_BOOL_CONVERSION = YES;
				CLANG_WARN_COMMA = YES;
				CLANG_WARN_CONSTANT_CONVERSION = YES;
				CLANG_WARN_DEPRECATED_OBJC_IMPLEMENTATIONS = YES;
				CLANG_WARN_DIRECT_OBJC_ISA_USAGE = YES_ERROR;
				CLANG_WARN_DOCUMENTATION_COMMENTS = YES;
				CLANG_WARN_EMPTY_BODY = YES;
				CLANG_WARN_ENUM_CONVERSION = YES;
				CLANG_WARN_INFINITE_RECURSION = YES;
				CLANG_WARN_INT_CONVERSION = YES;
				CLANG_WARN_NON_LITERAL_NULL_CONVERSION = YES;
				CLANG_WARN_OBJC_IMPLICIT_RETAIN_SELF = YES;
				CLANG_WARN_OBJC_LITERAL_CONVERSION = YES;
				CLANG_WARN_OBJC_ROOT_CLASS = YES_ERROR;
				CLANG_WARN_RANGE_LOOP_ANALYSIS = YES;
				CLANG_WARN_STRICT_PROTOTYPES = YES;
				CLANG_WARN_SUSPICIOUS_MOVE = YES;
				CLANG_WARN_UNGUARDED_AVAILABILITY = YES_AGGRESSIVE;
				CLANG_WARN_UNREACHABLE_CODE = YES;
				CLANG_WARN__DUPLICATE_METHOD_MATCH = YES;
				CODE_SIGN_IDENTITY = "iPhone Developer";
				COPY_PHASE_STRIP = NO;
				DEBUG_INFORMATION_FORMAT = dwarf;
				ENABLE_STRICT_OBJC_MSGSEND = YES;
				ENABLE_TESTABILITY = YES;
				GCC_C_LANGUAGE_STANDARD = gnu11;
				GCC_DYNAMIC_NO_PIC = NO;
				GCC_NO_COMMON_BLOCKS = YES;
				GCC_OPTIMIZATION_LEVEL = 0;
				GCC_PREPROCESSOR_DEFINITIONS = (
					"DEBUG=1",
					"$(inherited)",
				);
				GCC_WARN_64_TO_32_BIT_CONVERSION = YES;
				GCC_WARN_ABOUT_RETURN_TYPE = YES_ERROR;
				GCC_WARN_UNDECLARED_SELECTOR = YES;
				GCC_WARN_UNINITIALIZED_AUTOS = YES_AGGRESSIVE;
				GCC_WARN_UNUSED_FUNCTION = YES;
				GCC_WARN_UNUSED_VARIABLE = YES;
				IPHONEOS_DEPLOYMENT_TARGET = 11.3;
				MTL_ENABLE_DEBUG_INFO = YES;
				ONLY_ACTIVE_ARCH = YES;
				SDKROOT = iphoneos;
			};
			name = Debug;
		};
		AC065FDB20AE406F00746B5E /* Release */ = {
			isa = XCBuildConfiguration;
			buildSettings = {
				ALWAYS_SEARCH_USER_PATHS = NO;
				CLANG_ANALYZER_NONNULL = YES;
				CLANG_ANALYZER_NUMBER_OBJECT_CONVERSION = YES_AGGRESSIVE;
				CLANG_CXX_LANGUAGE_STANDARD = "gnu++14";
				CLANG_CXX_LIBRARY = "libc++";
				CLANG_ENABLE_MODULES = YES;
				CLANG_ENABLE_OBJC_ARC = YES;
				CLANG_ENABLE_OBJC_WEAK = YES;
				CLANG_WARN_BLOCK_CAPTURE_AUTORELEASING = YES;
				CLANG_WARN_BOOL_CONVERSION = YES;
				CLANG_WARN_COMMA = YES;
				CLANG_WARN_CONSTANT_CONVERSION = YES;
				CLANG_WARN_DEPRECATED_OBJC_IMPLEMENTATIONS = YES;
				CLANG_WARN_DIRECT_OBJC_ISA_USAGE = YES_ERROR;
				CLANG_WARN_DOCUMENTATION_COMMENTS = YES;
				CLANG_WARN_EMPTY_BODY = YES;
				CLANG_WARN_ENUM_CONVERSION = YES;
				CLANG_WARN_INFINITE_RECURSION = YES;
				CLANG_WARN_INT_CONVERSION = YES;
				CLANG_WARN_NON_LITERAL_NULL_CONVERSION = YES;
				CLANG_WARN_OBJC_IMPLICIT_RETAIN_SELF = YES;
				CLANG_WARN_OBJC_LITERAL_CONVERSION = YES;
				CLANG_WARN_OBJC_ROOT_CLASS = YES_ERROR;
				CLANG_WARN_RANGE_LOOP_ANALYSIS = YES;
				CLANG_WARN_STRICT_PROTOTYPES = YES;
				CLANG_WARN_SUSPICIOUS_MOVE = YES;
				CLANG_WARN_UNGUARDED_AVAILABILITY = YES_AGGRESSIVE;
				CLANG_WARN_UNREACHABLE_CODE = YES;
				CLANG_WARN__DUPLICATE_METHOD_MATCH = YES;
				CODE_SIGN_IDENTITY = "iPhone Developer";
				COPY_PHASE_STRIP = NO;
				DEBUG_INFORMATION_FORMAT = "dwarf-with-dsym";
				ENABLE_NS_ASSERTIONS = NO;
				ENABLE_STRICT_OBJC_MSGSEND = YES;
				GCC_C_LANGUAGE_STANDARD = gnu11;
				GCC_NO_COMMON_BLOCKS = YES;
				GCC_WARN_64_TO_32_BIT_CONVERSION = YES;
				GCC_WARN_ABOUT_RETURN_TYPE = YES_ERROR;
				GCC_WARN_UNDECLARED_SELECTOR = YES;
				GCC_WARN_UNINITIALIZED_AUTOS = YES_AGGRESSIVE;
				GCC_WARN_UNUSED_FUNCTION = YES;
				GCC_WARN_UNUSED_VARIABLE = YES;
				IPHONEOS_DEPLOYMENT_TARGET = 11.3;
				MTL_ENABLE_DEBUG_INFO = NO;
				SDKROOT = iphoneos;
				VALIDATE_PRODUCT = YES;
			};
			name = Release;
		};
		AC065FDD20AE406F00746B5E /* Debug */ = {
			isa = XCBuildConfiguration;
			buildSettings = {
				ASSETCATALOG_COMPILER_APPICON_NAME = AppIcon;
				CODE_SIGN_STYLE = Automatic;
				DEVELOPMENT_TEAM = 6KWN4YPXHT;
				INFOPLIST_FILE = BareBones/Info.plist;
				IPHONEOS_DEPLOYMENT_TARGET = 8.0;
				LD_RUNPATH_SEARCH_PATHS = "$(inherited) @executable_path/Frameworks";
				PRODUCT_BUNDLE_IDENTIFIER = com.henly.ios.BareBonesProject.BareBones;
				PRODUCT_NAME = "$(TARGET_NAME)";
				TARGETED_DEVICE_FAMILY = 1;
			};
			name = Debug;
		};
		AC065FDE20AE406F00746B5E /* Release */ = {
			isa = XCBuildConfiguration;
			buildSettings = {
				ASSETCATALOG_COMPILER_APPICON_NAME = AppIcon;
				CODE_SIGN_STYLE = Automatic;
				DEVELOPMENT_TEAM = 6KWN4YPXHT;
				INFOPLIST_FILE = BareBones/Info.plist;
				IPHONEOS_DEPLOYMENT_TARGET = 8.0;
				LD_RUNPATH_SEARCH_PATHS = "$(inherited) @executable_path/Frameworks";
				PRODUCT_BUNDLE_IDENTIFIER = com.henly.ios.BareBonesProject.BareBones;
				PRODUCT_NAME = "$(TARGET_NAME)";
				TARGETED_DEVICE_FAMILY = 1;
			};
			name = Release;
		};
/* End XCBuildConfiguration section */

/* Begin XCConfigurationList section */
		AC065FC120AE406C00746B5E /* Build configuration list for PBXProject "BareBones" */ = {
			isa = XCConfigurationList;
			buildConfigurations = (
				AC065FDA20AE406F00746B5E /* Debug */,
				AC065FDB20AE406F00746B5E /* Release */,
			);
			defaultConfigurationIsVisible = 0;
			defaultConfigurationName = Release;
		};
		AC065FDC20AE406F00746B5E /* Build configuration list for PBXNativeTarget "BareBones" */ = {
			isa = XCConfigurationList;
			buildConfigurations = (
				AC065FDD20AE406F00746B5E /* Debug */,
				AC065FDE20AE406F00746B5E /* Release */,
			);
			defaultConfigurationIsVisible = 0;
			defaultConfigurationName = Release;
		};
/* End XCConfigurationList section */
	};
	rootObject = AC065FBE20AE406C00746B5E /* Project object */;
}
